{
  "version": 4,
  "terraform_version": "1.13.1",
  "serial": 88,
  "lineage": "a334e987-5d06-0883-73d3-45b6553fdc9c",
  "outputs": {},
  "resources": [
    {
      "mode": "data",
      "type": "aws_subnets",
      "name": "default",
      "provider": "provider[\"registry.terraform.io/hashicorp/aws\"]",
      "instances": [
        {
          "schema_version": 0,
          "attributes": {
            "filter": [
              {
                "name": "vpc-id",
                "values": [
                  "vpc-05b3ca501880ccc8e"
                ]
              }
            ],
            "id": "us-east-1",
            "ids": [
              "subnet-0ed7f8e32827d7ff6",
              "subnet-0e82dda1cb3a5b56d",
              "subnet-0cd234200ae3d7de0",
              "subnet-09f9bc37030073df1",
              "subnet-087a9fdcf38acdf4b",
              "subnet-0e543d3fd652cef83"
            ],
            "region": "us-east-1",
            "tags": null,
            "timeouts": null
          },
          "sensitive_attributes": [],
          "identity_schema_version": 0
        }
      ]
    },
    {
      "mode": "data",
      "type": "aws_vpc",
      "name": "default",
      "provider": "provider[\"registry.terraform.io/hashicorp/aws\"]",
      "instances": [
        {
          "schema_version": 0,
          "attributes": {
            "arn": "arn:aws:ec2:us-east-1:471112595794:vpc/vpc-05b3ca501880ccc8e",
            "cidr_block": "172.31.0.0/16",
            "cidr_block_associations": [
              {
                "association_id": "vpc-cidr-assoc-0fc874fb3c9d1e365",
                "cidr_block": "172.31.0.0/16",
                "state": "associated"
              }
            ],
            "default": true,
            "dhcp_options_id": "dopt-0b36247124ff81d2c",
            "enable_dns_hostnames": true,
            "enable_dns_support": true,
            "enable_network_address_usage_metrics": false,
            "filter": null,
            "id": "vpc-05b3ca501880ccc8e",
            "instance_tenancy": "default",
            "ipv6_association_id": "",
            "ipv6_cidr_block": "",
            "main_route_table_id": "rtb-08128e1e52db126dc",
            "owner_id": "471112595794",
            "region": "us-east-1",
            "state": null,
            "tags": {},
            "timeouts": null
          },
          "sensitive_attributes": [],
          "identity_schema_version": 0
        }
      ]
    },
    {
      "mode": "managed",
      "type": "aws_codedeploy_app",
      "name": "app",
      "provider": "provider[\"registry.terraform.io/hashicorp/aws\"]",
      "instances": [
        {
          "schema_version": 0,
          "attributes": {
            "application_id": "af05a50b-7171-4fe0-9b44-f65444194534",
            "arn": "arn:aws:codedeploy:us-east-1:471112595794:application:my-cicd-app",
            "compute_platform": "Server",
            "github_account_name": "",
            "id": "af05a50b-7171-4fe0-9b44-f65444194534:my-cicd-app",
            "linked_to_github": false,
            "name": "my-cicd-app",
            "region": "us-east-1",
            "tags": {},
            "tags_all": {}
          },
          "sensitive_attributes": [],
          "identity_schema_version": 0,
          "private": "eyJzY2hlbWFfdmVyc2lvbiI6IjAifQ=="
        }
      ]
    },
    {
      "mode": "managed",
      "type": "aws_codedeploy_deployment_group",
      "name": "deployment_group",
      "provider": "provider[\"registry.terraform.io/hashicorp/aws\"]",
      "instances": [
        {
          "schema_version": 0,
          "attributes": {
            "alarm_configuration": [],
            "app_name": "my-cicd-app",
            "arn": "arn:aws:codedeploy:us-east-1:471112595794:deploymentgroup:my-cicd-app/my-cicd-deployment-group",
            "auto_rollback_configuration": [
              {
                "enabled": true,
                "events": [
                  "DEPLOYMENT_FAILURE"
                ]
              }
            ],
            "autoscaling_groups": [],
            "blue_green_deployment_config": [],
            "compute_platform": "Server",
            "deployment_config_name": "CodeDeployDefault.OneAtATime",
            "deployment_group_id": "74a11738-1c4e-4793-b0df-f86450721c12",
            "deployment_group_name": "my-cicd-deployment-group",
            "deployment_style": [
              {
                "deployment_option": "WITHOUT_TRAFFIC_CONTROL",
                "deployment_type": "IN_PLACE"
              }
            ],
            "ec2_tag_filter": [],
            "ec2_tag_set": [
              {
                "ec2_tag_filter": [
                  {
                    "key": "Name",
                    "type": "KEY_AND_VALUE",
                    "value": "MyEC2Instance"
                  }
                ]
              }
            ],
            "ecs_service": [],
            "id": "74a11738-1c4e-4793-b0df-f86450721c12",
            "load_balancer_info": [],
            "on_premises_instance_tag_filter": [],
            "outdated_instances_strategy": "UPDATE",
            "region": "us-east-1",
            "service_role_arn": "arn:aws:iam::471112595794:role/codedeploy-service-role",
            "tags": {},
            "tags_all": {},
            "termination_hook_enabled": false,
            "trigger_configuration": []
          },
          "sensitive_attributes": [],
          "identity_schema_version": 0,
          "private": "eyJzY2hlbWFfdmVyc2lvbiI6IjAifQ==",
          "dependencies": [
            "aws_codedeploy_app.app",
            "aws_iam_role.codedeploy_service_role"
          ]
        }
      ]
    },
    {
      "mode": "managed",
      "type": "aws_iam_instance_profile",
      "name": "ec2_profile",
      "provider": "provider[\"registry.terraform.io/hashicorp/aws\"]",
      "instances": [
        {
          "schema_version": 0,
          "attributes": {
            "arn": "arn:aws:iam::471112595794:instance-profile/ec2-codedeploy-instance-profile",
            "create_date": "2025-10-24T07:38:18Z",
            "id": "ec2-codedeploy-instance-profile",
            "name": "ec2-codedeploy-instance-profile",
            "name_prefix": "",
            "path": "/",
            "role": "ec2-codedeploy-role",
            "tags": {},
            "tags_all": {},
            "unique_id": "AIPAW3MD7XFJN4IZRASMZ"
          },
          "sensitive_attributes": [],
          "identity_schema_version": 0,
          "private": "eyJzY2hlbWFfdmVyc2lvbiI6IjAifQ==",
          "dependencies": [
            "aws_iam_role.ec2_codedeploy_role"
          ]
        }
      ]
    },
    {
      "mode": "managed",
      "type": "aws_iam_role",
      "name": "codedeploy_service_role",
      "provider": "provider[\"registry.terraform.io/hashicorp/aws\"]",
      "instances": [
        {
          "schema_version": 0,
          "attributes": {
            "arn": "arn:aws:iam::471112595794:role/codedeploy-service-role",
            "assume_role_policy": "{\"Statement\":[{\"Action\":\"sts:AssumeRole\",\"Effect\":\"Allow\",\"Principal\":{\"Service\":\"codedeploy.amazonaws.com\"}}],\"Version\":\"2012-10-17\"}",
            "create_date": "2025-10-24T07:38:16Z",
            "description": "",
            "force_detach_policies": false,
            "id": "codedeploy-service-role",
            "inline_policy": [],
            "managed_policy_arns": [
              "arn:aws:iam::aws:policy/service-role/AWSCodeDeployRole"
            ],
            "max_session_duration": 3600,
            "name": "codedeploy-service-role",
            "name_prefix": "",
            "path": "/",
            "permissions_boundary": "",
            "tags": {},
            "tags_all": {},
            "unique_id": "AROAW3MD7XFJH7RPZH5QL"
          },
          "sensitive_attributes": [],
          "identity_schema_version": 0,
          "identity": {
            "account_id": "471112595794",
            "name": "codedeploy-service-role"
          },
          "private": "eyJzY2hlbWFfdmVyc2lvbiI6IjAifQ=="
        }
      ]
    },
    {
      "mode": "managed",
      "type": "aws_iam_role",
      "name": "ec2_codedeploy_role",
      "provider": "provider[\"registry.terraform.io/hashicorp/aws\"]",
      "instances": [
        {
          "schema_version": 0,
          "attributes": {
            "arn": "arn:aws:iam::471112595794:role/ec2-codedeploy-role",
            "assume_role_policy": "{\"Statement\":[{\"Action\":\"sts:AssumeRole\",\"Effect\":\"Allow\",\"Principal\":{\"Service\":\"ec2.amazonaws.com\"}}],\"Version\":\"2012-10-17\"}",
            "create_date": "2025-10-24T07:38:16Z",
            "description": "",
            "force_detach_policies": false,
            "id": "ec2-codedeploy-role",
            "inline_policy": [],
            "managed_policy_arns": [
              "arn:aws:iam::aws:policy/AmazonEC2ContainerRegistryReadOnly",
              "arn:aws:iam::aws:policy/service-role/AmazonEC2RoleforAWSCodeDeploy"
            ],
            "max_session_duration": 3600,
            "name": "ec2-codedeploy-role",
            "name_prefix": "",
            "path": "/",
            "permissions_boundary": "",
            "tags": {},
            "tags_all": {},
            "unique_id": "AROAW3MD7XFJEHZQ7HOFK"
          },
          "sensitive_attributes": [],
          "identity_schema_version": 0,
          "identity": {
            "account_id": "471112595794",
            "name": "ec2-codedeploy-role"
          },
          "private": "eyJzY2hlbWFfdmVyc2lvbiI6IjAifQ=="
        }
      ]
    },
    {
      "mode": "managed",
      "type": "aws_iam_role_policy_attachment",
      "name": "codedeploy_service_attach",
      "provider": "provider[\"registry.terraform.io/hashicorp/aws\"]",
      "instances": [
        {
          "schema_version": 0,
          "attributes": {
            "id": "codedeploy-service-role/arn:aws:iam::aws:policy/service-role/AWSCodeDeployRole",
            "policy_arn": "arn:aws:iam::aws:policy/service-role/AWSCodeDeployRole",
            "role": "codedeploy-service-role"
          },
          "sensitive_attributes": [],
          "identity_schema_version": 0,
          "identity": {
            "account_id": "471112595794",
            "policy_arn": "arn:aws:iam::aws:policy/service-role/AWSCodeDeployRole",
            "role": "codedeploy-service-role"
          },
          "private": "bnVsbA==",
          "dependencies": [
            "aws_iam_role.codedeploy_service_role"
          ]
        }
      ]
    },
    {
      "mode": "managed",
      "type": "aws_iam_role_policy_attachment",
      "name": "ec2_codedeploy_attach",
      "provider": "provider[\"registry.terraform.io/hashicorp/aws\"]",
      "instances": [
        {
          "schema_version": 0,
          "attributes": {
            "id": "ec2-codedeploy-role/arn:aws:iam::aws:policy/service-role/AmazonEC2RoleforAWSCodeDeploy",
            "policy_arn": "arn:aws:iam::aws:policy/service-role/AmazonEC2RoleforAWSCodeDeploy",
            "role": "ec2-codedeploy-role"
          },
          "sensitive_attributes": [],
          "identity_schema_version": 0,
          "identity": {
            "account_id": "471112595794",
            "policy_arn": "arn:aws:iam::aws:policy/service-role/AmazonEC2RoleforAWSCodeDeploy",
            "role": "ec2-codedeploy-role"
          },
          "private": "bnVsbA==",
          "dependencies": [
            "aws_iam_role.ec2_codedeploy_role"
          ]
        }
      ]
    },
    {
      "mode": "managed",
      "type": "aws_iam_role_policy_attachment",
      "name": "ec2_ecr_attach",
      "provider": "provider[\"registry.terraform.io/hashicorp/aws\"]",
      "instances": [
        {
          "schema_version": 0,
          "attributes": {
            "id": "ec2-codedeploy-role/arn:aws:iam::aws:policy/AmazonEC2ContainerRegistryReadOnly",
            "policy_arn": "arn:aws:iam::aws:policy/AmazonEC2ContainerRegistryReadOnly",
            "role": "ec2-codedeploy-role"
          },
          "sensitive_attributes": [],
          "identity_schema_version": 0,
          "identity": {
            "account_id": "471112595794",
            "policy_arn": "arn:aws:iam::aws:policy/AmazonEC2ContainerRegistryReadOnly",
            "role": "ec2-codedeploy-role"
          },
          "private": "bnVsbA==",
          "dependencies": [
            "aws_iam_role.ec2_codedeploy_role"
          ]
        }
      ]
    },
    {
      "mode": "managed",
      "type": "aws_instance",
      "name": "codedeploy_ec2",
      "provider": "provider[\"registry.terraform.io/hashicorp/aws\"]",
      "instances": [
        {
          "schema_version": 2,
          "attributes": {
            "ami": "ami-0c02fb55956c7d316",
            "arn": "arn:aws:ec2:us-east-1:471112595794:instance/i-0e567a3a9a528a8d2",
            "associate_public_ip_address": true,
            "availability_zone": "us-east-1c",
            "capacity_reservation_specification": [
              {
                "capacity_reservation_preference": "open",
                "capacity_reservation_target": []
              }
            ],
            "cpu_options": [
              {
                "amd_sev_snp": "",
                "core_count": 1,
                "threads_per_core": 1
              }
            ],
            "credit_specification": [
              {
                "cpu_credits": "standard"
              }
            ],
            "disable_api_stop": false,
            "disable_api_termination": false,
            "ebs_block_device": [],
            "ebs_optimized": false,
            "enable_primary_ipv6": null,
            "enclave_options": [
              {
                "enabled": false
              }
            ],
            "ephemeral_block_device": [],
            "force_destroy": false,
            "get_password_data": false,
            "hibernation": false,
            "host_id": "",
            "host_resource_group_arn": null,
            "iam_instance_profile": "ec2-codedeploy-instance-profile",
            "id": "i-0e567a3a9a528a8d2",
            "instance_initiated_shutdown_behavior": "stop",
            "instance_lifecycle": "",
            "instance_market_options": [],
            "instance_state": "running",
            "instance_type": "t2.micro",
            "ipv6_address_count": 0,
            "ipv6_addresses": [],
            "key_name": "terraform-ec2-key",
            "launch_template": [],
            "maintenance_options": [
              {
                "auto_recovery": "default"
              }
            ],
            "metadata_options": [
              {
                "http_endpoint": "enabled",
                "http_protocol_ipv6": "disabled",
                "http_put_response_hop_limit": 1,
                "http_tokens": "optional",
                "instance_metadata_tags": "disabled"
              }
            ],
            "monitoring": false,
            "network_interface": [],
            "outpost_arn": "",
            "password_data": "",
            "placement_group": "",
            "placement_group_id": "",
            "placement_partition_number": 0,
            "primary_network_interface": [
              {
                "delete_on_termination": true,
                "network_interface_id": "eni-012f3bf8223819749"
              }
            ],
            "primary_network_interface_id": "eni-012f3bf8223819749",
            "private_dns": "ip-172-31-46-221.ec2.internal",
            "private_dns_name_options": [
              {
                "enable_resource_name_dns_a_record": false,
                "enable_resource_name_dns_aaaa_record": false,
                "hostname_type": "ip-name"
              }
            ],
            "private_ip": "172.31.46.221",
            "public_dns": "ec2-174-129-111-51.compute-1.amazonaws.com",
            "public_ip": "174.129.111.51",
            "region": "us-east-1",
            "root_block_device": [
              {
                "delete_on_termination": true,
                "device_name": "/dev/xvda",
                "encrypted": false,
                "iops": 100,
                "kms_key_id": "",
                "tags": {},
                "tags_all": {},
                "throughput": 0,
                "volume_id": "vol-043cdc5fd36166855",
                "volume_size": 8,
                "volume_type": "gp2"
              }
            ],
            "secondary_private_ips": [],
            "security_groups": [
              "ec2-codedeploy-sg"
            ],
            "source_dest_check": true,
            "spot_instance_request_id": "",
            "subnet_id": "subnet-0ed7f8e32827d7ff6",
            "tags": {
              "Name": "MyEC2Instance"
            },
            "tags_all": {
              "Name": "MyEC2Instance"
            },
            "tenancy": "default",
            "timeouts": null,
            "user_data": "#!/bin/bash\r\nyum update -y\r\namazon-linux-extras install docker -y\r\nservice docker start\r\nusermod -a -G docker ec2-user\r\n",
            "user_data_base64": null,
            "user_data_replace_on_change": false,
            "volume_tags": null,
            "vpc_security_group_ids": [
              "sg-02ae069002c0e2098"
            ]
          },
          "sensitive_attributes": [],
          "identity_schema_version": 0,
          "identity": {
            "account_id": "471112595794",
            "id": "i-0e567a3a9a528a8d2",
            "region": "us-east-1"
          },
          "private": "eyJlMmJmYjczMC1lY2FhLTExZTYtOGY4OC0zNDM2M2JjN2M0YzAiOnsiY3JlYXRlIjo2MDAwMDAwMDAwMDAsImRlbGV0ZSI6MTIwMDAwMDAwMDAwMCwicmVhZCI6OTAwMDAwMDAwMDAwLCJ1cGRhdGUiOjYwMDAwMDAwMDAwMH0sInNjaGVtYV92ZXJzaW9uIjoiMiJ9",
          "dependencies": [
            "aws_iam_instance_profile.ec2_profile",
            "aws_iam_role.ec2_codedeploy_role",
            "aws_key_pair.ec2_key",
            "aws_security_group.ec2_sg",
            "data.aws_subnets.default",
            "data.aws_vpc.default",
            "tls_private_key.ec2_key"
          ]
        }
      ]
    },
    {
      "mode": "managed",
      "type": "aws_key_pair",
      "name": "ec2_key",
      "provider": "provider[\"registry.terraform.io/hashicorp/aws\"]",
      "instances": [
        {
          "schema_version": 1,
          "attributes": {
            "arn": "arn:aws:ec2:us-east-1:471112595794:key-pair/terraform-ec2-key",
            "fingerprint": "af:e8:38:2d:48:ad:f9:5b:de:d8:99:50:e8:f6:ee:fe",
            "id": "terraform-ec2-key",
            "key_name": "terraform-ec2-key",
            "key_name_prefix": "",
            "key_pair_id": "key-029d24987f6347440",
            "key_type": "rsa",
            "public_key": "ssh-rsa AAAAB3NzaC1yc2EAAAADAQABAAABAQC54VlIb4DCIjiiCpA6ub0/UTU8fPTX/sGs2cjttLVS/XKhrU/zn3PMq27Y5SWgloHxH+F9O40bpHPKNsmLD+NbS6KeWBECTWJznt/PFJrQmbigNE7jYNqk9uWgA/9344Citw/i7WALzm3NczH5t28QztWYWtBeeU2vjyKjbv2m31L3RgueY/JaGd/YR6HBe3WO8c2/Ze9E8EKh9wf9uwWwfhExGPH7w9kQH9qsXXXkBOvnGgs6sbWz6oIQ+9rZNGatlhwdtL7OOFvrJUOA0obR99msvh1XPwMkZcpHyeJKbpB+BshQHHkqXFwXP+fUBIgFhsWTerTqclJhSV+jV/Fz",
            "region": "us-east-1",
            "tags": {},
            "tags_all": {}
          },
          "sensitive_attributes": [],
          "identity_schema_version": 0,
          "private": "eyJzY2hlbWFfdmVyc2lvbiI6IjEifQ==",
          "dependencies": [
            "tls_private_key.ec2_key"
          ]
        }
      ]
    },
    {
      "mode": "managed",
      "type": "aws_security_group",
      "name": "ec2_sg",
      "provider": "provider[\"registry.terraform.io/hashicorp/aws\"]",
      "instances": [
        {
          "schema_version": 1,
          "attributes": {
            "arn": "arn:aws:ec2:us-east-1:471112595794:security-group/sg-02ae069002c0e2098",
            "description": "Allow SSH and HTTP",
            "egress": [
              {
                "cidr_blocks": [
                  "0.0.0.0/0"
                ],
                "description": "",
                "from_port": 0,
                "ipv6_cidr_blocks": [],
                "prefix_list_ids": [],
                "protocol": "-1",
                "security_groups": [],
                "self": false,
                "to_port": 0
              }
            ],
            "id": "sg-02ae069002c0e2098",
            "ingress": [
              {
                "cidr_blocks": [
                  "0.0.0.0/0"
                ],
                "description": "HTTP",
                "from_port": 80,
                "ipv6_cidr_blocks": [],
                "prefix_list_ids": [],
                "protocol": "tcp",
                "security_groups": [],
                "self": false,
                "to_port": 80
              },
              {
                "cidr_blocks": [
                  "0.0.0.0/0"
                ],
                "description": "SSH",
                "from_port": 22,
                "ipv6_cidr_blocks": [],
                "prefix_list_ids": [],
                "protocol": "tcp",
                "security_groups": [],
                "self": false,
                "to_port": 22
              }
            ],
            "name": "ec2-codedeploy-sg",
            "name_prefix": "",
            "owner_id": "471112595794",
            "region": "us-east-1",
            "revoke_rules_on_delete": null,
            "tags": {},
            "tags_all": {},
            "timeouts": null,
            "vpc_id": "vpc-05b3ca501880ccc8e"
          },
          "sensitive_attributes": [],
          "identity_schema_version": 0,
          "identity": {
            "account_id": "471112595794",
            "id": "sg-02ae069002c0e2098",
            "region": "us-east-1"
          },
          "private": "eyJlMmJmYjczMC1lY2FhLTExZTYtOGY4OC0zNDM2M2JjN2M0YzAiOnsiY3JlYXRlIjo2MDAwMDAwMDAwMDAsImRlbGV0ZSI6OTAwMDAwMDAwMDAwfSwic2NoZW1hX3ZlcnNpb24iOiIxIn0=",
          "dependencies": [
            "data.aws_vpc.default"
          ]
        }
      ]
    },
    {
      "mode": "managed",
      "type": "tls_private_key",
      "name": "ec2_key",
      "provider": "provider[\"registry.terraform.io/hashicorp/tls\"]",
      "instances": [
        {
          "schema_version": 1,
          "attributes": {
            "algorithm": "RSA",
            "ecdsa_curve": "P224",
            "id": "ec40790a27792782df7856185a16ab80d322a5e3",
            "private_key_openssh": "-----BEGIN OPENSSH PRIVATE KEY-----\nb3BlbnNzaC1rZXktdjEAAAAABG5vbmUAAAAEbm9uZQAAAAAAAAABAAABFwAAAAdz\nc2gtcnNhAAAAAwEAAQAAAQEAueFZSG+AwiI4ogqQOrm9P1E1PHz01/7BrNnI7bS1\nUv1yoa1P859zzKtu2OUloJaB8R/hfTuNG6RzyjbJiw/jW0uinlgRAk1ic57fzxSa\n0Jm4oDRO42DapPbloAP/d+OAorcP4u1gC85tzXMx+bdvEM7VmFrQXnlNr48io279\npt9S90YLnmPyWhnf2EehwXt1jvHNv2XvRPBCofcH/bsFsH4RMRjx+8PZEB/arF11\n5ATr5xoLOrG1s+qCEPva2TRmrZYcHbS+zjhb6yVDgNKG0ffZrL4dVz8DJGXKR8ni\nSm6QfgbIUBx5KlxcFz/n1ASIBYbFk3q06nJSYUlfo1fxcwAAA7iTDskGkw7JBgAA\nAAdzc2gtcnNhAAABAQC54VlIb4DCIjiiCpA6ub0/UTU8fPTX/sGs2cjttLVS/XKh\nrU/zn3PMq27Y5SWgloHxH+F9O40bpHPKNsmLD+NbS6KeWBECTWJznt/PFJrQmbig\nNE7jYNqk9uWgA/9344Citw/i7WALzm3NczH5t28QztWYWtBeeU2vjyKjbv2m31L3\nRgueY/JaGd/YR6HBe3WO8c2/Ze9E8EKh9wf9uwWwfhExGPH7w9kQH9qsXXXkBOvn\nGgs6sbWz6oIQ+9rZNGatlhwdtL7OOFvrJUOA0obR99msvh1XPwMkZcpHyeJKbpB+\nBshQHHkqXFwXP+fUBIgFhsWTerTqclJhSV+jV/FzAAAAAwEAAQAAAQBIupoPBAXK\nr84d5Oky+RrJi/I7BR9d5gGMqrf5/hNWcfFoviHCznhmNAuOlPYog8s698DoGaVo\nE+v0SoSIQ0KvpYPu1cFt965WU+r5IPREO2loUZ8uS2axViNZfUb3d04NHHh8T2md\npPsEgJakwPeViYA8eQf/dxIE54njjZl0sVDZvXCWD22i73jObu0BS5yAbVuTlhUA\n8dzUuaSESSdXhW1r1/o4EFQyUJNt/dB0kk3ErMDH6cf1lgnIx6S+m1QpuO7VlyNT\nGtc4zjpwSXPXG/5JB7z82TZECVKIeKzL8W3lamsG8Jcz6wNyq5zuGvzDFwj8NQMI\nIg0jiwRdteRZAAAAgQDg9wg6acERGCTTb9uiIP1XkvTcstm8Y1z+jCpacEuxzuAf\nT3GTTEs7YDvvYSaCcBE/GNtv7mAaRByR8zJx1QieNzHcVqZRoyu4lbrbToZqWA+0\nNPByVUOF9qcpm/6d4EMobhRmzxFARUoZnpKkFCJSmLldtq1V5Z/9pilKZXBCxgAA\nAIEA5eZbvSSzz30/JbidzQt/pOcbyeQN8gG3Remz6b+fMp4l03vm9/ryFzi7dQOb\nTArIWO1uXjk7f3MqfcBIsS0tejTpduvIIxSVWFbL+tbR0k4aFvDFzNtDT5FkzoW2\nUHOpEfokzGPk4ZQpMtWAsocn6sO9Jv04ZsLHHzXr3/zKaWsAAACBAM77oz8KfMyo\nPZxHeFGXYh9Lb5CrKYAmaCLbB5wI1JdrP9jczOx4Yqi2L0C9ZZFWgY0cN9GO8Pbj\nsxbw7fhL5BLpfHRpKGemL/oIq9B7wrd+mgYxKQIkvG4sBh/Lm8kuTxKJNfSKmRlN\nIQXJ8z7tVMk+QWZeLBHfozNQLrtwZnIZAAAAAAEC\n-----END OPENSSH PRIVATE KEY-----\n",
            "private_key_pem": "-----BEGIN RSA PRIVATE KEY-----\nMIIEpQIBAAKCAQEAueFZSG+AwiI4ogqQOrm9P1E1PHz01/7BrNnI7bS1Uv1yoa1P\n859zzKtu2OUloJaB8R/hfTuNG6RzyjbJiw/jW0uinlgRAk1ic57fzxSa0Jm4oDRO\n42DapPbloAP/d+OAorcP4u1gC85tzXMx+bdvEM7VmFrQXnlNr48io279pt9S90YL\nnmPyWhnf2EehwXt1jvHNv2XvRPBCofcH/bsFsH4RMRjx+8PZEB/arF115ATr5xoL\nOrG1s+qCEPva2TRmrZYcHbS+zjhb6yVDgNKG0ffZrL4dVz8DJGXKR8niSm6QfgbI\nUBx5KlxcFz/n1ASIBYbFk3q06nJSYUlfo1fxcwIDAQABAoIBAEi6mg8EBcqvzh3k\n6TL5GsmL8jsFH13mAYyqt/n+E1Zx8Wi+IcLOeGY0C46U9iiDyzr3wOgZpWgT6/RK\nhIhDQq+lg+7VwW33rlZT6vkg9EQ7aWhRny5LZrFWI1l9Rvd3Tg0ceHxPaZ2k+wSA\nlqTA95WJgDx5B/93EgTnieONmXSxUNm9cJYPbaLveM5u7QFLnIBtW5OWFQDx3NS5\npIRJJ1eFbWvX+jgQVDJQk2390HSSTcSswMfpx/WWCcjHpL6bVCm47tWXI1Ma1zjO\nOnBJc9cb/kkHvPzZNkQJUoh4rMvxbeVqawbwlzPrA3KrnO4a/MMXCPw1AwgiDSOL\nBF215FkCgYEA5eZbvSSzz30/JbidzQt/pOcbyeQN8gG3Remz6b+fMp4l03vm9/ry\nFzi7dQObTArIWO1uXjk7f3MqfcBIsS0tejTpduvIIxSVWFbL+tbR0k4aFvDFzNtD\nT5FkzoW2UHOpEfokzGPk4ZQpMtWAsocn6sO9Jv04ZsLHHzXr3/zKaWsCgYEAzvuj\nPwp8zKg9nEd4UZdiH0tvkKspgCZoItsHnAjUl2s/2NzM7HhiqLYvQL1lkVaBjRw3\n0Y7w9uOzFvDt+EvkEul8dGkoZ6Yv+gir0HvCt36aBjEpAiS8biwGH8ubyS5PEok1\n9IqZGU0hBcnzPu1UyT5BZl4sEd+jM1Auu3BmchkCgYEA0/QGHiJpWGErR9amPXVd\ncCXV+9MyfCzS0DT/NwEAf8VIMGsp7PRCH+ChCueRVJEYVsxHlb0EOqNtyFPvcNGq\n/OEtYQNOF/GRIsma8578AP0alo3SfuSjcQclvjWOeSu48ycAqCNs0AAt33zxUybC\nSXG+wORyDGOE+yRWW8IOxxMCgYEAmdEZRN0HV5PjjULzoDbO3ZDSzQDV630fQF/j\nLMrHKeuy2/dido0UTGpvfT4Cv9o4lmQU+y+t1NvsGC1du3qyeHd5XI1VUImI99f/\nzwRZ9MEpt1ZLMmOYgItI1dIa6Iv4iT7ckOl60vmlg8bLdMUskA0qzudG+tVmU9jP\nkc364+kCgYEA4PcIOmnBERgk02/boiD9V5L03LLZvGNc/owqWnBLsc7gH09xk0xL\nO2A772EmgnARPxjbb+5gGkQckfMycdUInjcx3FamUaMruJW6206GalgPtDTwclVD\nhfanKZv+neBDKG4UZs8RQEVKGZ6SpBQiUpi5XbatVeWf/aYpSmVwQsY=\n-----END RSA PRIVATE KEY-----\n",
            "private_key_pem_pkcs8": "-----BEGIN PRIVATE KEY-----\nMIIEvwIBADANBgkqhkiG9w0BAQEFAASCBKkwggSlAgEAAoIBAQC54VlIb4DCIjii\nCpA6ub0/UTU8fPTX/sGs2cjttLVS/XKhrU/zn3PMq27Y5SWgloHxH+F9O40bpHPK\nNsmLD+NbS6KeWBECTWJznt/PFJrQmbigNE7jYNqk9uWgA/9344Citw/i7WALzm3N\nczH5t28QztWYWtBeeU2vjyKjbv2m31L3RgueY/JaGd/YR6HBe3WO8c2/Ze9E8EKh\n9wf9uwWwfhExGPH7w9kQH9qsXXXkBOvnGgs6sbWz6oIQ+9rZNGatlhwdtL7OOFvr\nJUOA0obR99msvh1XPwMkZcpHyeJKbpB+BshQHHkqXFwXP+fUBIgFhsWTerTqclJh\nSV+jV/FzAgMBAAECggEASLqaDwQFyq/OHeTpMvkayYvyOwUfXeYBjKq3+f4TVnHx\naL4hws54ZjQLjpT2KIPLOvfA6BmlaBPr9EqEiENCr6WD7tXBbfeuVlPq+SD0RDtp\naFGfLktmsVYjWX1G93dODRx4fE9pnaT7BICWpMD3lYmAPHkH/3cSBOeJ442ZdLFQ\n2b1wlg9tou94zm7tAUucgG1bk5YVAPHc1LmkhEknV4Vta9f6OBBUMlCTbf3QdJJN\nxKzAx+nH9ZYJyMekvptUKbju1ZcjUxrXOM46cElz1xv+SQe8/Nk2RAlSiHisy/Ft\n5WprBvCXM+sDcquc7hr8wxcI/DUDCCINI4sEXbXkWQKBgQDl5lu9JLPPfT8luJ3N\nC3+k5xvJ5A3yAbdF6bPpv58yniXTe+b3+vIXOLt1A5tMCshY7W5eOTt/cyp9wEix\nLS16NOl268gjFJVYVsv61tHSThoW8MXM20NPkWTOhbZQc6kR+iTMY+ThlCky1YCy\nhyfqw70m/ThmwscfNevf/MppawKBgQDO+6M/CnzMqD2cR3hRl2IfS2+QqymAJmgi\n2wecCNSXaz/Y3MzseGKoti9AvWWRVoGNHDfRjvD247MW8O34S+QS6Xx0aShnpi/6\nCKvQe8K3fpoGMSkCJLxuLAYfy5vJLk8SiTX0ipkZTSEFyfM+7VTJPkFmXiwR36Mz\nUC67cGZyGQKBgQDT9AYeImlYYStH1qY9dV1wJdX70zJ8LNLQNP83AQB/xUgwayns\n9EIf4KEK55FUkRhWzEeVvQQ6o23IU+9w0ar84S1hA04X8ZEiyZrznvwA/RqWjdJ+\n5KNxByW+NY55K7jzJwCoI2zQAC3ffPFTJsJJcb7A5HIMY4T7JFZbwg7HEwKBgQCZ\n0RlE3QdXk+ONQvOgNs7dkNLNANXrfR9AX+Msyscp67Lb92J2jRRMam99PgK/2jiW\nZBT7L63U2+wYLV27erJ4d3lcjVVQiYj31//PBFn0wSm3VksyY5iAi0jV0hroi/iJ\nPtyQ6XrS+aWDxst0xSyQDSrO50b61WZT2M+Rzfrj6QKBgQDg9wg6acERGCTTb9ui\nIP1XkvTcstm8Y1z+jCpacEuxzuAfT3GTTEs7YDvvYSaCcBE/GNtv7mAaRByR8zJx\n1QieNzHcVqZRoyu4lbrbToZqWA+0NPByVUOF9qcpm/6d4EMobhRmzxFARUoZnpKk\nFCJSmLldtq1V5Z/9pilKZXBCxg==\n-----END PRIVATE KEY-----\n",
            "public_key_fingerprint_md5": "1d:93:85:51:82:75:6b:df:2e:d4:10:f5:12:12:81:34",
            "public_key_fingerprint_sha256": "SHA256:nlMxVW2vMpfwlTZbOXurdA/XnoncB1rpe5/UkONnDw0",
            "public_key_openssh": "ssh-rsa AAAAB3NzaC1yc2EAAAADAQABAAABAQC54VlIb4DCIjiiCpA6ub0/UTU8fPTX/sGs2cjttLVS/XKhrU/zn3PMq27Y5SWgloHxH+F9O40bpHPKNsmLD+NbS6KeWBECTWJznt/PFJrQmbigNE7jYNqk9uWgA/9344Citw/i7WALzm3NczH5t28QztWYWtBeeU2vjyKjbv2m31L3RgueY/JaGd/YR6HBe3WO8c2/Ze9E8EKh9wf9uwWwfhExGPH7w9kQH9qsXXXkBOvnGgs6sbWz6oIQ+9rZNGatlhwdtL7OOFvrJUOA0obR99msvh1XPwMkZcpHyeJKbpB+BshQHHkqXFwXP+fUBIgFhsWTerTqclJhSV+jV/Fz\n",
            "public_key_pem": "-----BEGIN PUBLIC KEY-----\nMIIBIjANBgkqhkiG9w0BAQEFAAOCAQ8AMIIBCgKCAQEAueFZSG+AwiI4ogqQOrm9\nP1E1PHz01/7BrNnI7bS1Uv1yoa1P859zzKtu2OUloJaB8R/hfTuNG6RzyjbJiw/j\nW0uinlgRAk1ic57fzxSa0Jm4oDRO42DapPbloAP/d+OAorcP4u1gC85tzXMx+bdv\nEM7VmFrQXnlNr48io279pt9S90YLnmPyWhnf2EehwXt1jvHNv2XvRPBCofcH/bsF\nsH4RMRjx+8PZEB/arF115ATr5xoLOrG1s+qCEPva2TRmrZYcHbS+zjhb6yVDgNKG\n0ffZrL4dVz8DJGXKR8niSm6QfgbIUBx5KlxcFz/n1ASIBYbFk3q06nJSYUlfo1fx\ncwIDAQAB\n-----END PUBLIC KEY-----\n",
            "rsa_bits": 2048
          },
          "sensitive_attributes": [
            [
              {
                "type": "get_attr",
                "value": "private_key_openssh"
              }
            ],
            [
              {
                "type": "get_attr",
                "value": "private_key_pem"
              }
            ],
            [
              {
                "type": "get_attr",
                "value": "private_key_pem_pkcs8"
              }
            ]
          ],
          "identity_schema_version": 0
        }
      ]
    }
  ],
  "check_results": null
}
